
Microsoft Visual Studio Solution File, Format Version 12.00
# Visual Studio Version 17
VisualStudioVersion = 17.11.35219.272
MinimumVisualStudioVersion = 10.0.40219.1
Project("{FAE04EC0-301F-11D3-BF4B-00C04F79EFBC}") = "inlämning4_2", "inlämning4_2\inlämning4_2.csproj", "{B2A63628-AE51-40B7-8A7B-9973C52A53BF}"
EndProject
Global
	GlobalSection(SolutionConfigurationPlatforms) = preSolution
		Debug|Any CPU = Debug|Any CPU
		Release|Any CPU = Release|Any CPU
	EndGlobalSection
	GlobalSection(ProjectConfigurationPlatforms) = postSolution
		{B2A63628-AE51-40B7-8A7B-9973C52A53BF}.Debug|Any CPU.ActiveCfg = Debug|Any CPU
		{B2A63628-AE51-40B7-8A7B-9973C52A53BF}.Debug|Any CPU.Build.0 = Debug|Any CPU
		{B2A63628-AE51-40B7-8A7B-9973C52A53BF}.Release|Any CPU.ActiveCfg = Release|Any CPU
		{B2A63628-AE51-40B7-8A7B-9973C52A53BF}.Release|Any CPU.Build.0 = Release|Any CPU
	EndGlobalSection
	GlobalSection(SolutionProperties) = preSolution
		HideSolutionNode = FALSE
	EndGlobalSection
	GlobalSection(ExtensibilityGlobals) = postSolution
		SolutionGuid = {E5502347-4ACE-42B4-B364-FE2DC62B5A8F}
	EndGlobalSection
EndGlobal
